// !$*UTF8*$!
{
	archiveVersion = 1;
	classes = {
	};
	objectVersion = 50;
	objects = {

/* Begin PBXBuildFile section */
		931A75C620716B3600D8486C /* AppDelegate.swift in Sources */ = {isa = PBXBuildFile; fileRef = 931A75C520716B3600D8486C /* AppDelegate.swift */; };
		931A75C820716B3600D8486C /* art.scnassets in Resources */ = {isa = PBXBuildFile; fileRef = 931A75C720716B3600D8486C /* art.scnassets */; };
		931A75CA20716B3600D8486C /* ViewController.swift in Sources */ = {isa = PBXBuildFile; fileRef = 931A75C920716B3600D8486C /* ViewController.swift */; };
		931A75CD20716B3600D8486C /* Main.storyboard in Resources */ = {isa = PBXBuildFile; fileRef = 931A75CB20716B3600D8486C /* Main.storyboard */; };
		931A75CF20716B3700D8486C /* Assets.xcassets in Resources */ = {isa = PBXBuildFile; fileRef = 931A75CE20716B3700D8486C /* Assets.xcassets */; };
		931A75D220716B3700D8486C /* LaunchScreen.storyboard in Resources */ = {isa = PBXBuildFile; fileRef = 931A75D020716B3700D8486C /* LaunchScreen.storyboard */; };
/* End PBXBuildFile section */

/* Begin PBXFileReference section */
		931A75C220716B3500D8486C /* ARKit-MeasuringTape.app */ = {isa = PBXFileReference; explicitFileType = wrapper.application; includeInIndex = 0; path = "ARKit-MeasuringTape.app"; sourceTree = BUILT_PRODUCTS_DIR; };
		931A75C520716B3600D8486C /* AppDelegate.swift */ = {isa = PBXFileReference; lastKnownFileType = sourcecode.swift; path = AppDelegate.swift; sourceTree = "<group>"; };
		931A75C720716B3600D8486C /* art.scnassets */ = {isa = PBXFileReference; lastKnownFileType = wrapper.scnassets; path = art.scnassets; sourceTree = "<group>"; };
		931A75C920716B3600D8486C /* ViewController.swift */ = {isa = PBXFileReference; lastKnownFileType = sourcecode.swift; path = ViewController.swift; sourceTree = "<group>"; };
		931A75CC20716B3600D8486C /* Base */ = {isa = PBXFileReference; lastKnownFileType = file.storyboard; name = Base; path = Base.lproj/Main.storyboard; sourceTree = "<group>"; };
		931A75CE20716B3700D8486C /* Assets.xcassets */ = {isa = PBXFileReference; lastKnownFileType = folder.assetcatalog; path = Assets.xcassets; sourceTree = "<group>"; };
		931A75D120716B3700D8486C /* Base */ = {isa = PBXFileReference; lastKnownFileType = file.storyboard; name = Base; path = Base.lproj/LaunchScreen.storyboard; sourceTree = "<group>"; };
		931A75D320716B3700D8486C /* Info.plist */ = {isa = PBXFileReference; lastKnownFileType = text.plist.xml; path = Info.plist; sourceTree = "<group>"; };
/* End PBXFileReference section */

/* Begin PBXFrameworksBuildPhase section */
		931A75BF20716B3500D8486C /* Frameworks */ = {
			isa = PBXFrameworksBuildPhase;
			buildActionMask = 2147483647;
			files = (
			);
			runOnlyForDeploymentPostprocessing = 0;
		};
/* End PBXFrameworksBuildPhase section */

/* Begin PBXGroup section */
		931A75B920716B3500D8486C = {
			isa = PBXGroup;
			children = (
				931A75C420716B3500D8486C /* ARKit-MeasuringTape */,
				931A75C320716B3500D8486C /* Products */,
			);
			sourceTree = "<group>";
		};
		931A75C320716B3500D8486C /* Products */ = {
			isa = PBXGroup;
			children = (
				931A75C220716B3500D8486C /* ARKit-MeasuringTape.app */,
			);
			name = Products;
			sourceTree = "<group>";
		};
		931A75C420716B3500D8486C /* ARKit-MeasuringTape */ = {
			isa = PBXGroup;
			children = (
				931A75C520716B3600D8486C /* AppDelegate.swift */,
				931A75C720716B3600D8486C /* art.scnassets */,
				931A75C920716B3600D8486C /* ViewController.swift */,
				931A75CB20716B3600D8486C /* Main.storyboard */,
				931A75CE20716B3700D8486C /* Assets.xcassets */,
				931A75D020716B3700D8486C /* LaunchScreen.storyboard */,
				931A75D320716B3700D8486C /* Info.plist */,
			);
			path = "ARKit-MeasuringTape";
			sourceTree = "<group>";
		};
/* End PBXGroup section */

/* Begin PBXNativeTarget section */
		931A75C120716B3500D8486C /* ARKit-MeasuringTape */ = {
			isa = PBXNativeTarget;
			buildConfigurationList = 931A75D620716B3700D8486C /* Build configuration list for PBXNativeTarget "ARKit-MeasuringTape" */;
			buildPhases = (
				931A75BE20716B3500D8486C /* Sources */,
				931A75BF20716B3500D8486C /* Frameworks */,
				931A75C020716B3500D8486C /* Resources */,
			);
			buildRules = (
			);
			dependencies = (
			);
			name = "ARKit-MeasuringTape";
			productName = "ARKit-MeasuringTape";
			productReference = 931A75C220716B3500D8486C /* ARKit-MeasuringTape.app */;
			productType = "com.apple.product-type.application";
		};
/* End PBXNativeTarget section */

/* Begin PBXProject section */
		931A75BA20716B3500D8486C /* Project object */ = {
			isa = PBXProject;
			attributes = {
				LastSwiftUpdateCheck = 0930;
				LastUpgradeCheck = 0930;
				ORGANIZATIONNAME = john;
				TargetAttributes = {
					931A75C120716B3500D8486C = {
						CreatedOnToolsVersion = 9.3;
					};
				};
			};
			buildConfigurationList = 931A75BD20716B3500D8486C /* Build configuration list for PBXProject "ARKit-MeasuringTape" */;
			compatibilityVersion = "Xcode 9.3";
			developmentRegion = en;
			hasScannedForEncodings = 0;
			knownRegions = (
				en,
				Base,
			);
			mainGroup = 931A75B920716B3500D8486C;
			productRefGroup = 931A75C320716B3500D8486C /* Products */;
			projectDirPath = "";
			projectRoot = "";
			targets = (
				931A75C120716B3500D8486C /* ARKit-MeasuringTape */,
			);
		};
/* End PBXProject section */

/* Begin PBXResourcesBuildPhase section */
		931A75C020716B3500D8486C /* Resources */ = {
			isa = PBXResourcesBuildPhase;
			buildActionMask = 2147483647;
			files = (
				931A75C820716B3600D8486C /* art.scnassets in Resources */,
				931A75D220716B3700D8486C /* LaunchScreen.storyboard in Resources */,
				931A75CF20716B3700D8486C /* Assets.xcassets in Resources */,
				931A75CD20716B3600D8486C /* Main.storyboard in Resources */,
			);
			runOnlyForDeploymentPostprocessing = 0;
		};
/* End PBXResourcesBuildPhase section */

/* Begin PBXSourcesBuildPhase section */
		931A75BE20716B3500D8486C /* Sources */ = {
			isa = PBXSourcesBuildPhase;
			buildActionMask = 2147483647;
			files = (
				931A75CA20716B3600D8486C /* ViewController.swift in Sources */,
				931A75C620716B3600D8486C /* AppDelegate.swift in Sources */,
			);
			runOnlyForDeploymentPostprocessing = 0;
		};
/* End PBXSourcesBuildPhase section */

/* Begin PBXVariantGroup section */
		931A75CB20716B3600D8486C /* Main.storyboard */ = {
			isa = PBXVariantGroup;
			children = (
				931A75CC20716B3600D8486C /* Base */,
			);
			name = Main.storyboard;
			sourceTree = "<group>";
		};
		931A75D020716B3700D8486C /* LaunchScreen.storyboard */ = {
			isa = PBXVariantGroup;
			children = (
				931A75D120716B3700D8486C /* Base */,
			);
			name = LaunchScreen.storyboard;
			sourceTree = "<group>";
		};
/* End PBXVariantGroup section */

/* Begin XCBuildConfiguration section */
		931A75D420716B3700D8486C /* Debug */ = {
			isa = XCBuildConfiguration;
			buildSettings = {
				ALWAYS_SEARCH_USER_PATHS = NO;
				CLANG_ANALYZER_NONNULL = YES;
				CLANG_ANALYZER_NUMBER_OBJECT_CONVERSION = YES_AGGRESSIVE;
				CLANG_CXX_LANGUAGE_STANDARD = "gnu++14";
				CLANG_CXX_LIBRARY = "libc++";
				CLANG_ENABLE_MODULES = YES;
				CLANG_ENABLE_OBJC_ARC = YES;
				CLANG_ENABLE_OBJC_WEAK = YES;
				CLANG_WARN_BLOCK_CAPTURE_AUTORELEASING = YES;
				CLANG_WARN_BOOL_CONVERSION = YES;
				CLANG_WARN_COMMA = YES;
				CLANG_WARN_CONSTANT_CONVERSION = YES;
				CLANG_WARN_DEPRECATED_OBJC_IMPLEMENTATIONS = YES;
				CLANG_WARN_DIRECT_OBJC_ISA_USAGE = YES_ERROR;
				CLANG_WARN_DOCUMENTATION_COMMENTS = YES;
				CLANG_WARN_EMPTY_BODY = YES;
				CLANG_WARN_ENUM_CONVERSION = YES;
				CLANG_WARN_INFINITE_RECURSION = YES;
				CLANG_WARN_INT_CONVERSION = YES;
				CLANG_WARN_NON_LITERAL_NULL_CONVERSION = YES;
				CLANG_WARN_OBJC_IMPLICIT_RETAIN_SELF = YES;
				CLANG_WARN_OBJC_LITERAL_CONVERSION = YES;
				CLANG_WARN_OBJC_ROOT_CLASS = YES_ERROR;
				CLANG_WARN_RANGE_LOOP_ANALYSIS = YES;
				CLANG_WARN_STRICT_PROTOTYPES = YES;
				CLANG_WARN_SUSPICIOUS_MOVE = YES;
				CLANG_WARN_UNGUARDED_AVAILABILITY = YES_AGGRESSIVE;
				CLANG_WARN_UNREACHABLE_CODE = YES;
				CLANG_WARN__DUPLICATE_METHOD_MATCH = YES;
				CODE_SIGN_IDENTITY = "iPhone Developer";
				COPY_PHASE_STRIP = NO;
				DEBUG_INFORMATION_FORMAT = dwarf;
				ENABLE_STRICT_OBJC_MSGSEND = YES;
				ENABLE_TESTABILITY = YES;
				GCC_C_LANGUAGE_STANDARD = gnu11;
				GCC_DYNAMIC_NO_PIC = NO;
				GCC_NO_COMMON_BLOCKS = YES;
				GCC_OPTIMIZATION_LEVEL = 0;
				GCC_PREPROCESSOR_DEFINITIONS = (
					"DEBUG=1",
					"$(inherited)",
				);
				GCC_WARN_64_TO_32_BIT_CONVERSION = YES;
				GCC_WARN_ABOUT_RETURN_TYPE = YES_ERROR;
				GCC_WARN_UNDECLARED_SELECTOR = YES;
				GCC_WARN_UNINITIALIZED_AUTOS = YES_AGGRESSIVE;
				GCC_WARN_UNUSED_FUNCTION = YES;
				GCC_WARN_UNUSED_VARIABLE = YES;
				IPHONEOS_DEPLOYMENT_TARGET = 11.3;
				MTL_ENABLE_DEBUG_INFO = YES;
				ONLY_ACTIVE_ARCH = YES;
				SDKROOT = iphoneos;
				SWIFT_ACTIVE_COMPILATION_CONDITIONS = DEBUG;
				SWIFT_OPTIMIZATION_LEVEL = "-Onone";
			};
			name = Debug;
		};
		931A75D520716B3700D8486C /* Release */ = {
			isa = XCBuildConfiguration;
			buildSettings = {
				ALWAYS_SEARCH_USER_PATHS = NO;
				CLANG_ANALYZER_NONNULL = YES;
				CLANG_ANALYZER_NUMBER_OBJECT_CONVERSION = YES_AGGRESSIVE;
				CLANG_CXX_LANGUAGE_STANDARD = "gnu++14";
				CLANG_CXX_LIBRARY = "libc++";
				CLANG_ENABLE_MODULES = YES;
				CLANG_ENABLE_OBJC_ARC = YES;
				CLANG_ENABLE_OBJC_WEAK = YES;
				CLANG_WARN_BLOCK_CAPTURE_AUTORELEASING = YES;
				CLANG_WARN_BOOL_CONVERSION = YES;
				CLANG_WARN_COMMA = YES;
				CLANG_WARN_CONSTANT_CONVERSION = YES;
				CLANG_WARN_DEPRECATED_OBJC_IMPLEMENTATIONS = YES;
				CLANG_WARN_DIRECT_OBJC_ISA_USAGE = YES_ERROR;
				CLANG_WARN_DOCUMENTATION_COMMENTS = YES;
				CLANG_WARN_EMPTY_BODY = YES;
				CLANG_WARN_ENUM_CONVERSION = YES;
				CLANG_WARN_INFINITE_RECURSION = YES;
				CLANG_WARN_INT_CONVERSION = YES;
				CLANG_WARN_NON_LITERAL_NULL_CONVERSION = YES;
				CLANG_WARN_OBJC_IMPLICIT_RETAIN_SELF = YES;
				CLANG_WARN_OBJC_LITERAL_CONVERSION = YES;
				CLANG_WARN_OBJC_ROOT_CLASS = YES_ERROR;
				CLANG_WARN_RANGE_LOOP_ANALYSIS = YES;
				CLANG_WARN_STRICT_PROTOTYPES = YES;
				CLANG_WARN_SUSPICIOUS_MOVE = YES;
				CLANG_WARN_UNGUARDED_AVAILABILITY = YES_AGGRESSIVE;
				CLANG_WARN_UNREACHABLE_CODE = YES;
				CLANG_WARN__DUPLICATE_METHOD_MATCH = YES;
				CODE_SIGN_IDENTITY = "iPhone Developer";
				COPY_PHASE_STRIP = NO;
				DEBUG_INFORMATION_FORMAT = "dwarf-with-dsym";
				ENABLE_NS_ASSERTIONS = NO;
				ENABLE_STRICT_OBJC_MSGSEND = YES;
				GCC_C_LANGUAGE_STANDARD = gnu11;
				GCC_NO_COMMON_BLOCKS = YES;
				GCC_WARN_64_TO_32_BIT_CONVERSION = YES;
				GCC_WARN_ABOUT_RETURN_TYPE = YES_ERROR;
				GCC_WARN_UNDECLARED_SELECTOR = YES;
				GCC_WARN_UNINITIALIZED_AUTOS = YES_AGGRESSIVE;
				GCC_WARN_UNUSED_FUNCTION = YES;
				GCC_WARN_UNUSED_VARIABLE = YES;
				IPHONEOS_DEPLOYMENT_TARGET = 11.3;
				MTL_ENABLE_DEBUG_INFO = NO;
				SDKROOT = iphoneos;
				SWIFT_COMPILATION_MODE = wholemodule;
				SWIFT_OPTIMIZATION_LEVEL = "-O";
				VALIDATE_PRODUCT = YES;
			};
			name = Release;
		};
		931A75D720716B3700D8486C /* Debug */ = {
			isa = XCBuildConfiguration;
			buildSettings = {
				ASSETCATALOG_COMPILER_APPICON_NAME = AppIcon;
				CODE_SIGN_STYLE = Automatic;
				DEVELOPMENT_TEAM = CW3D96UX8Q;
				INFOPLIST_FILE = "ARKit-MeasuringTape/Info.plist";
				LD_RUNPATH_SEARCH_PATHS = (
					"$(inherited)",
					"@executable_path/Frameworks",
				);
				PRODUCT_BUNDLE_IDENTIFIER = "john-bradley.ARKit-MeasuringTape";
				PRODUCT_NAME = "$(TARGET_NAME)";
				SWIFT_VERSION = 4.0;
				TARGETED_DEVICE_FAMILY = "1,2";
			};
			name = Debug;
		};
		931A75D820716B3700D8486C /* Release */ = {
			isa = XCBuildConfiguration;
			buildSettings = {
				ASSETCATALOG_COMPILER_APPICON_NAME = AppIcon;
				CODE_SIGN_STYLE = Automatic;
				DEVELOPMENT_TEAM = CW3D96UX8Q;
				INFOPLIST_FILE = "ARKit-MeasuringTape/Info.plist";
				LD_RUNPATH_SEARCH_PATHS = (
					"$(inherited)",
					"@executable_path/Frameworks",
				);
				PRODUCT_BUNDLE_IDENTIFIER = "john-bradley.ARKit-MeasuringTape";
				PRODUCT_NAME = "$(TARGET_NAME)";
				SWIFT_VERSION = 4.0;
				TARGETED_DEVICE_FAMILY = "1,2";
			};
			name = Release;
		};
/* End XCBuildConfiguration section */

/* Begin XCConfigurationList section */
		931A75BD20716B3500D8486C /* Build configuration list for PBXProject "ARKit-MeasuringTape" */ = {
			isa = XCConfigurationList;
			buildConfigurations = (
				931A75D420716B3700D8486C /* Debug */,
				931A75D520716B3700D8486C /* Release */,
			);
			defaultConfigurationIsVisible = 0;
			defaultConfigurationName = Release;
		};
		931A75D620716B3700D8486C /* Build configuration list for PBXNativeTarget "ARKit-MeasuringTape" */ = {
			isa = XCConfigurationList;
			buildConfigurations = (
				931A75D720716B3700D8486C /* Debug */,
				931A75D820716B3700D8486C /* Release */,
			);
			defaultConfigurationIsVisible = 0;
			defaultConfigurationName = Release;
		};
/* End XCConfigurationList section */
	};
	rootObject = 931A75BA20716B3500D8486C /* Project object */;
}
